
Microsoft Visual Studio Solution File, Format Version 12.00
# Visual Studio Version 16
VisualStudioVersion = 16.0.29613.14
MinimumVisualStudioVersion = 10.0.40219.1
Project("{FAE04EC0-301F-11D3-BF4B-00C04F79EFBC}") = "ZenStatesDebugTool", "ZenStatesDebugTool.csproj", "{056A457F-B9D4-4BB9-A9B3-033F2A1E265C}"
EndProject
Project("{2150E333-8FDC-42A3-9474-1A3956D46DE8}") = "Tests", "Tests", "{0AB3BF05-4346-4AA6-1389-037BE0695223}"
EndProject
Project("{FAE04EC0-301F-11D3-BF4B-00C04F79EFBC}") = "ProfileCore.Tests", "Tests\ProfileCore.Tests\ProfileCore.Tests.csproj", "{8697D09D-6F7B-401A-8F63-EED410B67014}"
EndProject
Global
	GlobalSection(SolutionConfigurationPlatforms) = preSolution
		Debug|Any CPU = Debug|Any CPU
		Debug|x64 = Debug|x64
		Debug|x86 = Debug|x86
		Release|Any CPU = Release|Any CPU
		Release|x64 = Release|x64
		Release|x86 = Release|x86
	EndGlobalSection
	GlobalSection(ProjectConfigurationPlatforms) = postSolution
		{056A457F-B9D4-4BB9-A9B3-033F2A1E265C}.Debug|Any CPU.ActiveCfg = Debug|Any CPU
		{056A457F-B9D4-4BB9-A9B3-033F2A1E265C}.Debug|Any CPU.Build.0 = Debug|Any CPU
		{056A457F-B9D4-4BB9-A9B3-033F2A1E265C}.Debug|x64.ActiveCfg = Debug|Any CPU
		{056A457F-B9D4-4BB9-A9B3-033F2A1E265C}.Debug|x64.Build.0 = Debug|Any CPU
		{056A457F-B9D4-4BB9-A9B3-033F2A1E265C}.Debug|x86.ActiveCfg = Debug|Any CPU
		{056A457F-B9D4-4BB9-A9B3-033F2A1E265C}.Debug|x86.Build.0 = Debug|Any CPU
		{056A457F-B9D4-4BB9-A9B3-033F2A1E265C}.Release|Any CPU.ActiveCfg = Release|Any CPU
		{056A457F-B9D4-4BB9-A9B3-033F2A1E265C}.Release|Any CPU.Build.0 = Release|Any CPU
		{056A457F-B9D4-4BB9-A9B3-033F2A1E265C}.Release|x64.ActiveCfg = Release|Any CPU
		{056A457F-B9D4-4BB9-A9B3-033F2A1E265C}.Release|x64.Build.0 = Release|Any CPU
		{056A457F-B9D4-4BB9-A9B3-033F2A1E265C}.Release|x86.ActiveCfg = Release|Any CPU
		{056A457F-B9D4-4BB9-A9B3-033F2A1E265C}.Release|x86.Build.0 = Release|Any CPU
		{8697D09D-6F7B-401A-8F63-EED410B67014}.Debug|Any CPU.ActiveCfg = Debug|Any CPU
		{8697D09D-6F7B-401A-8F63-EED410B67014}.Debug|Any CPU.Build.0 = Debug|Any CPU
		{8697D09D-6F7B-401A-8F63-EED410B67014}.Debug|x64.ActiveCfg = Debug|Any CPU
		{8697D09D-6F7B-401A-8F63-EED410B67014}.Debug|x64.Build.0 = Debug|Any CPU
		{8697D09D-6F7B-401A-8F63-EED410B67014}.Debug|x86.ActiveCfg = Debug|Any CPU
		{8697D09D-6F7B-401A-8F63-EED410B67014}.Debug|x86.Build.0 = Debug|Any CPU
		{8697D09D-6F7B-401A-8F63-EED410B67014}.Release|Any CPU.ActiveCfg = Release|Any CPU
		{8697D09D-6F7B-401A-8F63-EED410B67014}.Release|Any CPU.Build.0 = Release|Any CPU
		{8697D09D-6F7B-401A-8F63-EED410B67014}.Release|x64.ActiveCfg = Release|Any CPU
		{8697D09D-6F7B-401A-8F63-EED410B67014}.Release|x64.Build.0 = Release|Any CPU
		{8697D09D-6F7B-401A-8F63-EED410B67014}.Release|x86.ActiveCfg = Release|Any CPU
		{8697D09D-6F7B-401A-8F63-EED410B67014}.Release|x86.Build.0 = Release|Any CPU
	EndGlobalSection
	GlobalSection(SolutionProperties) = preSolution
		HideSolutionNode = FALSE
	EndGlobalSection
	GlobalSection(NestedProjects) = preSolution
		{8697D09D-6F7B-401A-8F63-EED410B67014} = {0AB3BF05-4346-4AA6-1389-037BE0695223}
	EndGlobalSection
	GlobalSection(ExtensibilityGlobals) = postSolution
		SolutionGuid = {D62E0E45-5C15-4ABE-974A-E4FE814F0F72}
	EndGlobalSection
EndGlobal
